schema: '2.0'
stages:
  data_cleaning:
    cmd: python data_cleaning.py
    deps:
    - path: data/Music Info.csv
      hash: md5
      md5: e63b74919a3cdada5c804df4666391c9
      size: 14985870
    - path: data_cleaning.py
      hash: md5
      md5: 127df27d460aecb45dc14d3768ac1826
      size: 2082
    outs:
    - path: data/cleaned_data.csv
      hash: md5
      md5: ad73ab9b7c97fed0f3cc26fc9b24f8c6
      size: 13712182
  transform_data:
    cmd: python content_based_filtering.py
    deps:
    - path: content_based_filtering.py
      hash: md5
      md5: 7fb4eb7a40a7ee5f4aa1280e98212833
      size: 5970
    - path: data/cleaned_data.csv
      hash: md5
      md5: ad73ab9b7c97fed0f3cc26fc9b24f8c6
      size: 13712182
    - path: data_cleaning.py
      hash: md5
      md5: 127df27d460aecb45dc14d3768ac1826
      size: 2082
    outs:
    - path: data/transformed_data.npz
      hash: md5
      md5: 2d570319e7014b4a27e9e8c6b21bbe2e
      size: 4523508
    - path: transformer.joblib
      hash: md5
      md5: 2a513e584c9ec635e8f349165722bea3
      size: 193103
  interaction_data:
    cmd: python collaborative_filtering.py
    deps:
    - path: collaborative_filtering.py
      hash: md5
      md5: 7f39fc2210cff6284f97ba597f8d4b8b
      size: 5245
    - path: data/User Listening History.csv
      hash: md5
      md5: 3a12e713844195171c7040c051d6d4ae
      size: 602515573
    - path: data/cleaned_data.csv
      hash: md5
      md5: ad73ab9b7c97fed0f3cc26fc9b24f8c6
      size: 13712182
    outs:
    - path: data/collab_filtered_data.csv
      hash: md5
      md5: f0f182d757a9837caa7ff619cab9ffd0
      size: 8260460
    - path: data/interaction_matrix.npz
      hash: md5
      md5: 3dfe9b0c768b7e2a048818128e1a2e25
      size: 32311353
    - path: data/track_ids.npy
      hash: md5
      md5: 4a52e4cb6bae6b0126c1344dac7c7686
      size: 640058
  transformed_filtered_data:
    cmd: python transform_filtered_data.py
    deps:
    - path: data/collab_filtered_data.csv
      hash: md5
      md5: f0f182d757a9837caa7ff619cab9ffd0
      size: 8260460
    - path: transform_filtered_data.py
      hash: md5
      md5: 9da38a46819744a42b9d280614b7e1fe
      size: 752
    outs:
    - path: data/transformed_hybrid_data.npz
      hash: md5
      md5: eb26445e81672120489b3e7d82a0762a
      size: 2977348
